
Microsoft Visual Studio Solution File, Format Version 12.00
# Visual Studio Version 17
VisualStudioVersion = 17.13.35931.197
MinimumVisualStudioVersion = 10.0.40219.1
Project("{FAE04EC0-301F-11D3-BF4B-00C04F79EFBC}") = "EMS-Tool", "EMS-Tool\EMS-Tool.csproj", "{632C5FAA-C5FF-4080-8F56-0229611106FB}"
EndProject
Global
	GlobalSection(SolutionConfigurationPlatforms) = preSolution
		Debug|Any CPU = Debug|Any CPU
		Release|Any CPU = Release|Any CPU
	EndGlobalSection
	GlobalSection(ProjectConfigurationPlatforms) = postSolution
		{632C5FAA-C5FF-4080-8F56-0229611106FB}.Debug|Any CPU.ActiveCfg = Debug|Any CPU
		{632C5FAA-C5FF-4080-8F56-0229611106FB}.Debug|Any CPU.Build.0 = Debug|Any CPU
		{632C5FAA-C5FF-4080-8F56-0229611106FB}.Release|Any CPU.ActiveCfg = Release|Any CPU
		{632C5FAA-C5FF-4080-8F56-0229611106FB}.Release|Any CPU.Build.0 = Release|Any CPU
	EndGlobalSection
	GlobalSection(SolutionProperties) = preSolution
		HideSolutionNode = FALSE
	EndGlobalSection
	GlobalSection(ExtensibilityGlobals) = postSolution
		SolutionGuid = {0157DA85-B2F8-4013-8C52-148E3C7D7FFD}
	EndGlobalSection
EndGlobal
